# This file is automatically @generated by Cargo.
# It is not intended for manual editing.
version = 3

[[package]]
name = "rivet-client"
version = "0.1.0"
dependencies = [
 "rivet-core",
 "rivet-scheduler",
 "rivet-worker",
]

[[package]]
name = "rivet-core"
version = "0.1.0"

[[package]]
name = "rivet-scheduler"
version = "0.1.0"
dependencies = [
 "rivet-core",
]

[[package]]
name = "rivet-worker"
version = "0.1.0"
dependencies = [
 "rivet-core",
]
